
Microsoft Visual Studio Solution File, Format Version 12.00
# Visual Studio Version 17
VisualStudioVersion = 17.0.31903.59
MinimumVisualStudioVersion = 10.0.40219.1
Project("{2150E333-8FDC-42A3-9474-1A3956D46DE8}") = "src", "src", "{70317624-5B47-4F33-9D22-4A07C40991A9}"
EndProject
Project("{FAE04EC0-301F-11D3-BF4B-00C04F79EFBC}") = "BmSDK.Generator", "src\BmSDK.Generator\BmSDK.Generator.csproj", "{7A27547B-E85D-45E5-A850-6B5002F166D6}"
EndProject
Project("{2150E333-8FDC-42A3-9474-1A3956D46DE8}") = "UELib", "UELib", "{2BC92803-E28D-46D1-8418-DE498A9A387A}"
EndProject
Project("{FAE04EC0-301F-11D3-BF4B-00C04F79EFBC}") = "Eliot.UELib", "src\UELib\src\Eliot.UELib.csproj", "{A7030329-7DF2-4426-847A-38D595841DCF}"
EndProject
Project("{FAE04EC0-301F-11D3-BF4B-00C04F79EFBC}") = "BmSDK.Framework", "src\BmSDK.Framework\BmSDK.Framework.csproj", "{B5F88925-0D60-4F26-B5C4-AB8147F79AA9}"
EndProject
Global
	GlobalSection(SolutionConfigurationPlatforms) = preSolution
		Debug|Any CPU = Debug|Any CPU
		Release|Any CPU = Release|Any CPU
	EndGlobalSection
	GlobalSection(SolutionProperties) = preSolution
		HideSolutionNode = FALSE
	EndGlobalSection
	GlobalSection(ProjectConfigurationPlatforms) = postSolution
		{7A27547B-E85D-45E5-A850-6B5002F166D6}.Debug|Any CPU.ActiveCfg = Debug|Any CPU
		{7A27547B-E85D-45E5-A850-6B5002F166D6}.Debug|Any CPU.Build.0 = Debug|Any CPU
		{7A27547B-E85D-45E5-A850-6B5002F166D6}.Release|Any CPU.ActiveCfg = Release|Any CPU
		{7A27547B-E85D-45E5-A850-6B5002F166D6}.Release|Any CPU.Build.0 = Release|Any CPU
		{A7030329-7DF2-4426-847A-38D595841DCF}.Debug|Any CPU.ActiveCfg = Debug|Any CPU
		{A7030329-7DF2-4426-847A-38D595841DCF}.Debug|Any CPU.Build.0 = Debug|Any CPU
		{A7030329-7DF2-4426-847A-38D595841DCF}.Release|Any CPU.ActiveCfg = Release|Any CPU
		{A7030329-7DF2-4426-847A-38D595841DCF}.Release|Any CPU.Build.0 = Release|Any CPU
		{B5F88925-0D60-4F26-B5C4-AB8147F79AA9}.Debug|Any CPU.ActiveCfg = Debug|Any CPU
		{B5F88925-0D60-4F26-B5C4-AB8147F79AA9}.Debug|Any CPU.Build.0 = Debug|Any CPU
		{B5F88925-0D60-4F26-B5C4-AB8147F79AA9}.Release|Any CPU.ActiveCfg = Release|Any CPU
		{B5F88925-0D60-4F26-B5C4-AB8147F79AA9}.Release|Any CPU.Build.0 = Release|Any CPU
	EndGlobalSection
	GlobalSection(NestedProjects) = preSolution
		{7A27547B-E85D-45E5-A850-6B5002F166D6} = {70317624-5B47-4F33-9D22-4A07C40991A9}
		{2BC92803-E28D-46D1-8418-DE498A9A387A} = {70317624-5B47-4F33-9D22-4A07C40991A9}
		{A7030329-7DF2-4426-847A-38D595841DCF} = {2BC92803-E28D-46D1-8418-DE498A9A387A}
		{B5F88925-0D60-4F26-B5C4-AB8147F79AA9} = {70317624-5B47-4F33-9D22-4A07C40991A9}
	EndGlobalSection
EndGlobal
