
Microsoft Visual Studio Solution File, Format Version 12.00
# Visual Studio Version 17
VisualStudioVersion = 17.5.2.0
MinimumVisualStudioVersion = 10.0.40219.1
Project("{FAE04EC0-301F-11D3-BF4B-00C04F79EFBC}") = "BmSDK", "src\BmSDK\BmSDK.csproj", "{B4163B96-1F8C-A832-33A5-C341D071D907}"
EndProject
Project("{8BC9CEB8-8B4A-11D0-8D11-00A0C91BC942}") = "BmSDK.Generator", "src\BmSDK.Generator\BmSDK.Generator.vcxproj", "{AA5554D7-FD14-4ADE-B76B-C56E897EC16B}"
EndProject
Project("{8BC9CEB8-8B4A-11D0-8D11-00A0C91BC942}") = "BmSDK.Host", "src\BmSDK.Host\BmSDK.Host.vcxproj", "{BCA40631-3E36-4227-A7D2-7CB604E26AA0}"
EndProject
Project("{FAE04EC0-301F-11D3-BF4B-00C04F79EFBC}") = "DemoMod", "mods\DemoMod\DemoMod.csproj", "{9FAF334A-7B5D-4623-B142-972665DF8F78}"
EndProject
Project("{FAE04EC0-301F-11D3-BF4B-00C04F79EFBC}") = "LoadHelperMod", "mods\LoadHelperMod\LoadHelperMod.csproj", "{55A0610F-041B-4A62-B9CA-78A70188C309}"
EndProject
Global
	GlobalSection(SolutionConfigurationPlatforms) = preSolution
		Debug|Any CPU = Debug|Any CPU
		Debug|x64 = Debug|x64
		Debug|x86 = Debug|x86
		Release|Any CPU = Release|Any CPU
		Release|x64 = Release|x64
		Release|x86 = Release|x86
	EndGlobalSection
	GlobalSection(ProjectConfigurationPlatforms) = postSolution
		{B4163B96-1F8C-A832-33A5-C341D071D907}.Debug|Any CPU.ActiveCfg = Debug|Any CPU
		{B4163B96-1F8C-A832-33A5-C341D071D907}.Debug|Any CPU.Build.0 = Debug|Any CPU
		{B4163B96-1F8C-A832-33A5-C341D071D907}.Debug|x64.ActiveCfg = Debug|Any CPU
		{B4163B96-1F8C-A832-33A5-C341D071D907}.Debug|x64.Build.0 = Debug|Any CPU
		{B4163B96-1F8C-A832-33A5-C341D071D907}.Debug|x86.ActiveCfg = Debug|Any CPU
		{B4163B96-1F8C-A832-33A5-C341D071D907}.Debug|x86.Build.0 = Debug|Any CPU
		{B4163B96-1F8C-A832-33A5-C341D071D907}.Release|Any CPU.ActiveCfg = Release|Any CPU
		{B4163B96-1F8C-A832-33A5-C341D071D907}.Release|Any CPU.Build.0 = Release|Any CPU
		{B4163B96-1F8C-A832-33A5-C341D071D907}.Release|x64.ActiveCfg = Release|Any CPU
		{B4163B96-1F8C-A832-33A5-C341D071D907}.Release|x64.Build.0 = Release|Any CPU
		{B4163B96-1F8C-A832-33A5-C341D071D907}.Release|x86.ActiveCfg = Release|Any CPU
		{B4163B96-1F8C-A832-33A5-C341D071D907}.Release|x86.Build.0 = Release|Any CPU
		{AA5554D7-FD14-4ADE-B76B-C56E897EC16B}.Debug|Any CPU.ActiveCfg = Debug|Win32
		{AA5554D7-FD14-4ADE-B76B-C56E897EC16B}.Debug|Any CPU.Build.0 = Debug|Win32
		{AA5554D7-FD14-4ADE-B76B-C56E897EC16B}.Debug|x64.ActiveCfg = Debug|x64
		{AA5554D7-FD14-4ADE-B76B-C56E897EC16B}.Debug|x64.Build.0 = Debug|x64
		{AA5554D7-FD14-4ADE-B76B-C56E897EC16B}.Debug|x86.ActiveCfg = Debug|Win32
		{AA5554D7-FD14-4ADE-B76B-C56E897EC16B}.Debug|x86.Build.0 = Debug|Win32
		{AA5554D7-FD14-4ADE-B76B-C56E897EC16B}.Release|Any CPU.ActiveCfg = Release|x64
		{AA5554D7-FD14-4ADE-B76B-C56E897EC16B}.Release|Any CPU.Build.0 = Release|x64
		{AA5554D7-FD14-4ADE-B76B-C56E897EC16B}.Release|x64.ActiveCfg = Release|x64
		{AA5554D7-FD14-4ADE-B76B-C56E897EC16B}.Release|x64.Build.0 = Release|x64
		{AA5554D7-FD14-4ADE-B76B-C56E897EC16B}.Release|x86.ActiveCfg = Release|Win32
		{AA5554D7-FD14-4ADE-B76B-C56E897EC16B}.Release|x86.Build.0 = Release|Win32
		{BCA40631-3E36-4227-A7D2-7CB604E26AA0}.Debug|Any CPU.ActiveCfg = Debug|x64
		{BCA40631-3E36-4227-A7D2-7CB604E26AA0}.Debug|Any CPU.Build.0 = Debug|x64
		{BCA40631-3E36-4227-A7D2-7CB604E26AA0}.Debug|x64.ActiveCfg = Debug|x64
		{BCA40631-3E36-4227-A7D2-7CB604E26AA0}.Debug|x64.Build.0 = Debug|x64
		{BCA40631-3E36-4227-A7D2-7CB604E26AA0}.Debug|x86.ActiveCfg = Debug|Win32
		{BCA40631-3E36-4227-A7D2-7CB604E26AA0}.Debug|x86.Build.0 = Debug|Win32
		{BCA40631-3E36-4227-A7D2-7CB604E26AA0}.Release|Any CPU.ActiveCfg = Release|x64
		{BCA40631-3E36-4227-A7D2-7CB604E26AA0}.Release|Any CPU.Build.0 = Release|x64
		{BCA40631-3E36-4227-A7D2-7CB604E26AA0}.Release|x64.ActiveCfg = Release|x64
		{BCA40631-3E36-4227-A7D2-7CB604E26AA0}.Release|x64.Build.0 = Release|x64
		{BCA40631-3E36-4227-A7D2-7CB604E26AA0}.Release|x86.ActiveCfg = Release|Win32
		{BCA40631-3E36-4227-A7D2-7CB604E26AA0}.Release|x86.Build.0 = Release|Win32
		{9FAF334A-7B5D-4623-B142-972665DF8F78}.Debug|Any CPU.ActiveCfg = Debug|Any CPU
		{9FAF334A-7B5D-4623-B142-972665DF8F78}.Debug|Any CPU.Build.0 = Debug|Any CPU
		{9FAF334A-7B5D-4623-B142-972665DF8F78}.Debug|x64.ActiveCfg = Debug|Any CPU
		{9FAF334A-7B5D-4623-B142-972665DF8F78}.Debug|x64.Build.0 = Debug|Any CPU
		{9FAF334A-7B5D-4623-B142-972665DF8F78}.Debug|x86.ActiveCfg = Debug|Any CPU
		{9FAF334A-7B5D-4623-B142-972665DF8F78}.Debug|x86.Build.0 = Debug|Any CPU
		{9FAF334A-7B5D-4623-B142-972665DF8F78}.Release|Any CPU.ActiveCfg = Release|Any CPU
		{9FAF334A-7B5D-4623-B142-972665DF8F78}.Release|Any CPU.Build.0 = Release|Any CPU
		{9FAF334A-7B5D-4623-B142-972665DF8F78}.Release|x64.ActiveCfg = Release|Any CPU
		{9FAF334A-7B5D-4623-B142-972665DF8F78}.Release|x64.Build.0 = Release|Any CPU
		{9FAF334A-7B5D-4623-B142-972665DF8F78}.Release|x86.ActiveCfg = Release|Any CPU
		{9FAF334A-7B5D-4623-B142-972665DF8F78}.Release|x86.Build.0 = Release|Any CPU
		{55A0610F-041B-4A62-B9CA-78A70188C309}.Debug|Any CPU.ActiveCfg = Debug|Any CPU
		{55A0610F-041B-4A62-B9CA-78A70188C309}.Debug|Any CPU.Build.0 = Debug|Any CPU
		{55A0610F-041B-4A62-B9CA-78A70188C309}.Debug|x64.ActiveCfg = Debug|Any CPU
		{55A0610F-041B-4A62-B9CA-78A70188C309}.Debug|x64.Build.0 = Debug|Any CPU
		{55A0610F-041B-4A62-B9CA-78A70188C309}.Debug|x86.ActiveCfg = Debug|Any CPU
		{55A0610F-041B-4A62-B9CA-78A70188C309}.Debug|x86.Build.0 = Debug|Any CPU
		{55A0610F-041B-4A62-B9CA-78A70188C309}.Release|Any CPU.ActiveCfg = Release|Any CPU
		{55A0610F-041B-4A62-B9CA-78A70188C309}.Release|Any CPU.Build.0 = Release|Any CPU
		{55A0610F-041B-4A62-B9CA-78A70188C309}.Release|x64.ActiveCfg = Release|Any CPU
		{55A0610F-041B-4A62-B9CA-78A70188C309}.Release|x64.Build.0 = Release|Any CPU
		{55A0610F-041B-4A62-B9CA-78A70188C309}.Release|x86.ActiveCfg = Release|Any CPU
		{55A0610F-041B-4A62-B9CA-78A70188C309}.Release|x86.Build.0 = Release|Any CPU
	EndGlobalSection
	GlobalSection(SolutionProperties) = preSolution
		HideSolutionNode = FALSE
	EndGlobalSection
	GlobalSection(ExtensibilityGlobals) = postSolution
		SolutionGuid = {C2EB602B-8EAF-4F0D-A8D3-CE250ACCCC49}
	EndGlobalSection
EndGlobal
